
Microsoft Visual Studio Solution File, Format Version 12.00
# Visual Studio Version 17
VisualStudioVersion = 17.7.34031.279
MinimumVisualStudioVersion = 10.0.40219.1
Project("{9A19103F-16F7-4668-BE54-9A1E7A4F7556}") = "dOSC", "dOSC\dOSC.csproj", "{9F91AB11-D2CA-4DC8-BC49-F9FC4C1C220D}"
EndProject
Project("{FAE04EC0-301F-11D3-BF4B-00C04F79EFBC}") = "dOSC.Shared", "dOSC.Shared\dOSC.Shared.csproj", "{FA177F0B-91BB-4E49-9E52-B0433DB1FA96}"
EndProject
Project("{FAE04EC0-301F-11D3-BF4B-00C04F79EFBC}") = "LiveSheet", "..\LiveSheet\LiveSheet\LiveSheet.csproj", "{27989D65-5AD5-401C-BDED-58EFF971D650}"
EndProject
Project("{FAE04EC0-301F-11D3-BF4B-00C04F79EFBC}") = "Blazor.Diagrams", "..\Blazor.Diagrams\src\Blazor.Diagrams\Blazor.Diagrams.csproj", "{01DF40D6-1085-45F6-8A26-F463278DAB99}"
EndProject
Project("{FAE04EC0-301F-11D3-BF4B-00C04F79EFBC}") = "Blazor.Diagrams.Algorithms", "..\Blazor.Diagrams\src\Blazor.Diagrams.Algorithms\Blazor.Diagrams.Algorithms.csproj", "{FFEFA831-498C-407D-8938-3FCBD7B4EA04}"
EndProject
Project("{FAE04EC0-301F-11D3-BF4B-00C04F79EFBC}") = "Blazor.Diagrams.Core", "..\Blazor.Diagrams\src\Blazor.Diagrams.Core\Blazor.Diagrams.Core.csproj", "{E7137B45-C406-4025-918C-C3B32B3F9830}"
EndProject
Global
	GlobalSection(SolutionConfigurationPlatforms) = preSolution
		Debug|Any CPU = Debug|Any CPU
		Release|Any CPU = Release|Any CPU
	EndGlobalSection
	GlobalSection(ProjectConfigurationPlatforms) = postSolution
		{9F91AB11-D2CA-4DC8-BC49-F9FC4C1C220D}.Debug|Any CPU.ActiveCfg = Debug|Any CPU
		{9F91AB11-D2CA-4DC8-BC49-F9FC4C1C220D}.Debug|Any CPU.Build.0 = Debug|Any CPU
		{9F91AB11-D2CA-4DC8-BC49-F9FC4C1C220D}.Release|Any CPU.ActiveCfg = Release|Any CPU
		{9F91AB11-D2CA-4DC8-BC49-F9FC4C1C220D}.Release|Any CPU.Build.0 = Release|Any CPU
		{FA177F0B-91BB-4E49-9E52-B0433DB1FA96}.Debug|Any CPU.ActiveCfg = Debug|Any CPU
		{FA177F0B-91BB-4E49-9E52-B0433DB1FA96}.Debug|Any CPU.Build.0 = Debug|Any CPU
		{FA177F0B-91BB-4E49-9E52-B0433DB1FA96}.Release|Any CPU.ActiveCfg = Release|Any CPU
		{FA177F0B-91BB-4E49-9E52-B0433DB1FA96}.Release|Any CPU.Build.0 = Release|Any CPU
		{27989D65-5AD5-401C-BDED-58EFF971D650}.Debug|Any CPU.ActiveCfg = Debug|Any CPU
		{27989D65-5AD5-401C-BDED-58EFF971D650}.Debug|Any CPU.Build.0 = Debug|Any CPU
		{27989D65-5AD5-401C-BDED-58EFF971D650}.Release|Any CPU.ActiveCfg = Release|Any CPU
		{27989D65-5AD5-401C-BDED-58EFF971D650}.Release|Any CPU.Build.0 = Release|Any CPU
		{01DF40D6-1085-45F6-8A26-F463278DAB99}.Debug|Any CPU.ActiveCfg = Debug|Any CPU
		{01DF40D6-1085-45F6-8A26-F463278DAB99}.Debug|Any CPU.Build.0 = Debug|Any CPU
		{01DF40D6-1085-45F6-8A26-F463278DAB99}.Release|Any CPU.ActiveCfg = Release|Any CPU
		{01DF40D6-1085-45F6-8A26-F463278DAB99}.Release|Any CPU.Build.0 = Release|Any CPU
		{FFEFA831-498C-407D-8938-3FCBD7B4EA04}.Debug|Any CPU.ActiveCfg = Debug|Any CPU
		{FFEFA831-498C-407D-8938-3FCBD7B4EA04}.Debug|Any CPU.Build.0 = Debug|Any CPU
		{FFEFA831-498C-407D-8938-3FCBD7B4EA04}.Release|Any CPU.ActiveCfg = Release|Any CPU
		{FFEFA831-498C-407D-8938-3FCBD7B4EA04}.Release|Any CPU.Build.0 = Release|Any CPU
		{E7137B45-C406-4025-918C-C3B32B3F9830}.Debug|Any CPU.ActiveCfg = Debug|Any CPU
		{E7137B45-C406-4025-918C-C3B32B3F9830}.Debug|Any CPU.Build.0 = Debug|Any CPU
		{E7137B45-C406-4025-918C-C3B32B3F9830}.Release|Any CPU.ActiveCfg = Release|Any CPU
		{E7137B45-C406-4025-918C-C3B32B3F9830}.Release|Any CPU.Build.0 = Release|Any CPU
	EndGlobalSection
	GlobalSection(SolutionProperties) = preSolution
		HideSolutionNode = FALSE
	EndGlobalSection
	GlobalSection(ExtensibilityGlobals) = postSolution
		SolutionGuid = {851CBE2D-D601-4837-9845-667312891533}
	EndGlobalSection
EndGlobal
