
Microsoft Visual Studio Solution File, Format Version 12.00
# Visual Studio Version 17
VisualStudioVersion = 17.7.34031.279
MinimumVisualStudioVersion = 10.0.40219.1
Project("{9A19103F-16F7-4668-BE54-9A1E7A4F7556}") = "dOSC", "dOSC\dOSC.csproj", "{9F91AB11-D2CA-4DC8-BC49-F9FC4C1C220D}"
EndProject
Global
	GlobalSection(SolutionConfigurationPlatforms) = preSolution
		Debug|Any CPU = Debug|Any CPU
		Release|Any CPU = Release|Any CPU
	EndGlobalSection
	GlobalSection(ProjectConfigurationPlatforms) = postSolution
		{9F91AB11-D2CA-4DC8-BC49-F9FC4C1C220D}.Debug|Any CPU.ActiveCfg = Debug|Any CPU
		{9F91AB11-D2CA-4DC8-BC49-F9FC4C1C220D}.Debug|Any CPU.Build.0 = Debug|Any CPU
		{9F91AB11-D2CA-4DC8-BC49-F9FC4C1C220D}.Release|Any CPU.ActiveCfg = Release|Any CPU
		{9F91AB11-D2CA-4DC8-BC49-F9FC4C1C220D}.Release|Any CPU.Build.0 = Release|Any CPU
	EndGlobalSection
	GlobalSection(SolutionProperties) = preSolution
		HideSolutionNode = FALSE
	EndGlobalSection
	GlobalSection(ExtensibilityGlobals) = postSolution
		SolutionGuid = {851CBE2D-D601-4837-9845-667312891533}
	EndGlobalSection
EndGlobal
